# This file is generated by running "yarn install" inside your project.
# Manual changes might be lost - proceed with caution!

__metadata:
  version: 8
  cacheKey: 10c0

"@drizzle-team/brocli@npm:^0.10.2":
  version: 0.10.2
  resolution: "@drizzle-team/brocli@npm:0.10.2"
  checksum: 10c0/3d8b99d680f0b14fea32b45c59b938b6665e0840cc67f04801b1aa3c6747da3c7d01c00e321645034fa100abdba7e0c20ce07cf46fc2ca769ee4cafd97562484
  languageName: node
  linkType: hard

"@esbuild-kit/core-utils@npm:^3.3.2":
  version: 3.3.2
  resolution: "@esbuild-kit/core-utils@npm:3.3.2"
  dependencies:
    esbuild: "npm:~0.18.20"
    source-map-support: "npm:^0.5.21"
  checksum: 10c0/d856f5bd720814593f911d781ed7558a3f8ec1a39802f3831d0eea0d1306e0e2dc11b7b2443af621c413ec6557f1f3034a9a4f1472a4cb40e52cd6e3b356aa05
  languageName: node
  linkType: hard

"@esbuild-kit/esm-loader@npm:^2.5.5":
  version: 2.6.5
  resolution: "@esbuild-kit/esm-loader@npm:2.6.5"
  dependencies:
    "@esbuild-kit/core-utils": "npm:^3.3.2"
    get-tsconfig: "npm:^4.7.0"
  checksum: 10c0/6894b29176eda62bdce0d458d57f32daed5cb8fcff14cb3ddfbc995cfe3e2fa8599f3b0b1af66db446903b30167f57069f27e9cf79a69cf9b41f557115811cde
  languageName: node
  linkType: hard

"@esbuild/aix-ppc64@npm:0.25.5":
  version: 0.25.5
  resolution: "@esbuild/aix-ppc64@npm:0.25.5"
  conditions: os=aix & cpu=ppc64
  languageName: node
  linkType: hard

"@esbuild/android-arm64@npm:0.18.20":
  version: 0.18.20
  resolution: "@esbuild/android-arm64@npm:0.18.20"
  conditions: os=android & cpu=arm64
  languageName: node
  linkType: hard

"@esbuild/android-arm64@npm:0.25.5":
  version: 0.25.5
  resolution: "@esbuild/android-arm64@npm:0.25.5"
  conditions: os=android & cpu=arm64
  languageName: node
  linkType: hard

"@esbuild/android-arm@npm:0.18.20":
  version: 0.18.20
  resolution: "@esbuild/android-arm@npm:0.18.20"
  conditions: os=android & cpu=arm
  languageName: node
  linkType: hard

"@esbuild/android-arm@npm:0.25.5":
  version: 0.25.5
  resolution: "@esbuild/android-arm@npm:0.25.5"
  conditions: os=android & cpu=arm
  languageName: node
  linkType: hard

"@esbuild/android-x64@npm:0.18.20":
  version: 0.18.20
  resolution: "@esbuild/android-x64@npm:0.18.20"
  conditions: os=android & cpu=x64
  languageName: node
  linkType: hard

"@esbuild/android-x64@npm:0.25.5":
  version: 0.25.5
  resolution: "@esbuild/android-x64@npm:0.25.5"
  conditions: os=android & cpu=x64
  languageName: node
  linkType: hard

"@esbuild/darwin-arm64@npm:0.18.20":
  version: 0.18.20
  resolution: "@esbuild/darwin-arm64@npm:0.18.20"
  conditions: os=darwin & cpu=arm64
  languageName: node
  linkType: hard

"@esbuild/darwin-arm64@npm:0.25.5":
  version: 0.25.5
  resolution: "@esbuild/darwin-arm64@npm:0.25.5"
  conditions: os=darwin & cpu=arm64
  languageName: node
  linkType: hard

"@esbuild/darwin-x64@npm:0.18.20":
  version: 0.18.20
  resolution: "@esbuild/darwin-x64@npm:0.18.20"
  conditions: os=darwin & cpu=x64
  languageName: node
  linkType: hard

"@esbuild/darwin-x64@npm:0.25.5":
  version: 0.25.5
  resolution: "@esbuild/darwin-x64@npm:0.25.5"
  conditions: os=darwin & cpu=x64
  languageName: node
  linkType: hard

"@esbuild/freebsd-arm64@npm:0.18.20":
  version: 0.18.20
  resolution: "@esbuild/freebsd-arm64@npm:0.18.20"
  conditions: os=freebsd & cpu=arm64
  languageName: node
  linkType: hard

"@esbuild/freebsd-arm64@npm:0.25.5":
  version: 0.25.5
  resolution: "@esbuild/freebsd-arm64@npm:0.25.5"
  conditions: os=freebsd & cpu=arm64
  languageName: node
  linkType: hard

"@esbuild/freebsd-x64@npm:0.18.20":
  version: 0.18.20
  resolution: "@esbuild/freebsd-x64@npm:0.18.20"
  conditions: os=freebsd & cpu=x64
  languageName: node
  linkType: hard

"@esbuild/freebsd-x64@npm:0.25.5":
  version: 0.25.5
  resolution: "@esbuild/freebsd-x64@npm:0.25.5"
  conditions: os=freebsd & cpu=x64
  languageName: node
  linkType: hard

"@esbuild/linux-arm64@npm:0.18.20":
  version: 0.18.20
  resolution: "@esbuild/linux-arm64@npm:0.18.20"
  conditions: os=linux & cpu=arm64
  languageName: node
  linkType: hard

"@esbuild/linux-arm64@npm:0.25.5":
  version: 0.25.5
  resolution: "@esbuild/linux-arm64@npm:0.25.5"
  conditions: os=linux & cpu=arm64
  languageName: node
  linkType: hard

"@esbuild/linux-arm@npm:0.18.20":
  version: 0.18.20
  resolution: "@esbuild/linux-arm@npm:0.18.20"
  conditions: os=linux & cpu=arm
  languageName: node
  linkType: hard

"@esbuild/linux-arm@npm:0.25.5":
  version: 0.25.5
  resolution: "@esbuild/linux-arm@npm:0.25.5"
  conditions: os=linux & cpu=arm
  languageName: node
  linkType: hard

"@esbuild/linux-ia32@npm:0.18.20":
  version: 0.18.20
  resolution: "@esbuild/linux-ia32@npm:0.18.20"
  conditions: os=linux & cpu=ia32
  languageName: node
  linkType: hard

"@esbuild/linux-ia32@npm:0.25.5":
  version: 0.25.5
  resolution: "@esbuild/linux-ia32@npm:0.25.5"
  conditions: os=linux & cpu=ia32
  languageName: node
  linkType: hard

"@esbuild/linux-loong64@npm:0.18.20":
  version: 0.18.20
  resolution: "@esbuild/linux-loong64@npm:0.18.20"
  conditions: os=linux & cpu=loong64
  languageName: node
  linkType: hard

"@esbuild/linux-loong64@npm:0.25.5":
  version: 0.25.5
  resolution: "@esbuild/linux-loong64@npm:0.25.5"
  conditions: os=linux & cpu=loong64
  languageName: node
  linkType: hard

"@esbuild/linux-mips64el@npm:0.18.20":
  version: 0.18.20
  resolution: "@esbuild/linux-mips64el@npm:0.18.20"
  conditions: os=linux & cpu=mips64el
  languageName: node
  linkType: hard

"@esbuild/linux-mips64el@npm:0.25.5":
  version: 0.25.5
  resolution: "@esbuild/linux-mips64el@npm:0.25.5"
  conditions: os=linux & cpu=mips64el
  languageName: node
  linkType: hard

"@esbuild/linux-ppc64@npm:0.18.20":
  version: 0.18.20
  resolution: "@esbuild/linux-ppc64@npm:0.18.20"
  conditions: os=linux & cpu=ppc64
  languageName: node
  linkType: hard

"@esbuild/linux-ppc64@npm:0.25.5":
  version: 0.25.5
  resolution: "@esbuild/linux-ppc64@npm:0.25.5"
  conditions: os=linux & cpu=ppc64
  languageName: node
  linkType: hard

"@esbuild/linux-riscv64@npm:0.18.20":
  version: 0.18.20
  resolution: "@esbuild/linux-riscv64@npm:0.18.20"
  conditions: os=linux & cpu=riscv64
  languageName: node
  linkType: hard

"@esbuild/linux-riscv64@npm:0.25.5":
  version: 0.25.5
  resolution: "@esbuild/linux-riscv64@npm:0.25.5"
  conditions: os=linux & cpu=riscv64
  languageName: node
  linkType: hard

"@esbuild/linux-s390x@npm:0.18.20":
  version: 0.18.20
  resolution: "@esbuild/linux-s390x@npm:0.18.20"
  conditions: os=linux & cpu=s390x
  languageName: node
  linkType: hard

"@esbuild/linux-s390x@npm:0.25.5":
  version: 0.25.5
  resolution: "@esbuild/linux-s390x@npm:0.25.5"
  conditions: os=linux & cpu=s390x
  languageName: node
  linkType: hard

"@esbuild/linux-x64@npm:0.18.20":
  version: 0.18.20
  resolution: "@esbuild/linux-x64@npm:0.18.20"
  conditions: os=linux & cpu=x64
  languageName: node
  linkType: hard

"@esbuild/linux-x64@npm:0.25.5":
  version: 0.25.5
  resolution: "@esbuild/linux-x64@npm:0.25.5"
  conditions: os=linux & cpu=x64
  languageName: node
  linkType: hard

"@esbuild/netbsd-arm64@npm:0.25.5":
  version: 0.25.5
  resolution: "@esbuild/netbsd-arm64@npm:0.25.5"
  conditions: os=netbsd & cpu=arm64
  languageName: node
  linkType: hard

"@esbuild/netbsd-x64@npm:0.18.20":
  version: 0.18.20
  resolution: "@esbuild/netbsd-x64@npm:0.18.20"
  conditions: os=netbsd & cpu=x64
  languageName: node
  linkType: hard

"@esbuild/netbsd-x64@npm:0.25.5":
  version: 0.25.5
  resolution: "@esbuild/netbsd-x64@npm:0.25.5"
  conditions: os=netbsd & cpu=x64
  languageName: node
  linkType: hard

"@esbuild/openbsd-arm64@npm:0.25.5":
  version: 0.25.5
  resolution: "@esbuild/openbsd-arm64@npm:0.25.5"
  conditions: os=openbsd & cpu=arm64
  languageName: node
  linkType: hard

"@esbuild/openbsd-x64@npm:0.18.20":
  version: 0.18.20
  resolution: "@esbuild/openbsd-x64@npm:0.18.20"
  conditions: os=openbsd & cpu=x64
  languageName: node
  linkType: hard

"@esbuild/openbsd-x64@npm:0.25.5":
  version: 0.25.5
  resolution: "@esbuild/openbsd-x64@npm:0.25.5"
  conditions: os=openbsd & cpu=x64
  languageName: node
  linkType: hard

"@esbuild/sunos-x64@npm:0.18.20":
  version: 0.18.20
  resolution: "@esbuild/sunos-x64@npm:0.18.20"
  conditions: os=sunos & cpu=x64
  languageName: node
  linkType: hard

"@esbuild/sunos-x64@npm:0.25.5":
  version: 0.25.5
  resolution: "@esbuild/sunos-x64@npm:0.25.5"
  conditions: os=sunos & cpu=x64
  languageName: node
  linkType: hard

"@esbuild/win32-arm64@npm:0.18.20":
  version: 0.18.20
  resolution: "@esbuild/win32-arm64@npm:0.18.20"
  conditions: os=win32 & cpu=arm64
  languageName: node
  linkType: hard

"@esbuild/win32-arm64@npm:0.25.5":
  version: 0.25.5
  resolution: "@esbuild/win32-arm64@npm:0.25.5"
  conditions: os=win32 & cpu=arm64
  languageName: node
  linkType: hard

"@esbuild/win32-ia32@npm:0.18.20":
  version: 0.18.20
  resolution: "@esbuild/win32-ia32@npm:0.18.20"
  conditions: os=win32 & cpu=ia32
  languageName: node
  linkType: hard

"@esbuild/win32-ia32@npm:0.25.5":
  version: 0.25.5
  resolution: "@esbuild/win32-ia32@npm:0.25.5"
  conditions: os=win32 & cpu=ia32
  languageName: node
  linkType: hard

"@esbuild/win32-x64@npm:0.18.20":
  version: 0.18.20
  resolution: "@esbuild/win32-x64@npm:0.18.20"
  conditions: os=win32 & cpu=x64
  languageName: node
  linkType: hard

"@esbuild/win32-x64@npm:0.25.5":
  version: 0.25.5
  resolution: "@esbuild/win32-x64@npm:0.25.5"
  conditions: os=win32 & cpu=x64
  languageName: node
  linkType: hard

"@types/node@npm:^24.0.3":
  version: 24.0.3
  resolution: "@types/node@npm:24.0.3"
  dependencies:
    undici-types: "npm:~7.8.0"
  checksum: 10c0/9c3c4e87600d1cf11e291c2fd4bfd806a615455463c30a0ef6dc9c801b3423344d9b82b8084e3ccabce485a7421ebb61a66e9676181bd7d9aea4759998a120d5
  languageName: node
  linkType: hard

"buffer-from@npm:^1.0.0":
  version: 1.1.2
  resolution: "buffer-from@npm:1.1.2"
  checksum: 10c0/124fff9d66d691a86d3b062eff4663fe437a9d9ee4b47b1b9e97f5a5d14f6d5399345db80f796827be7c95e70a8e765dd404b7c3ff3b3324f98e9b0c8826cc34
  languageName: node
  linkType: hard

"debug@npm:^4.3.4":
  version: 4.4.1
  resolution: "debug@npm:4.4.1"
  dependencies:
    ms: "npm:^2.1.3"
  peerDependenciesMeta:
    supports-color:
      optional: true
  checksum: 10c0/d2b44bc1afd912b49bb7ebb0d50a860dc93a4dd7d946e8de94abc957bb63726b7dd5aa48c18c2386c379ec024c46692e15ed3ed97d481729f929201e671fcd55
  languageName: node
  linkType: hard

"drizzle-kit@npm:^0.31.1":
  version: 0.31.1
  resolution: "drizzle-kit@npm:0.31.1"
  dependencies:
    "@drizzle-team/brocli": "npm:^0.10.2"
    "@esbuild-kit/esm-loader": "npm:^2.5.5"
    esbuild: "npm:^0.25.2"
    esbuild-register: "npm:^3.5.0"
  bin:
    drizzle-kit: bin.cjs
  checksum: 10c0/da28fd8de2649ff4a9bccd84270d95eddac7578bda7604d9cf1870bffd94c7ae3a939d300a4af1f74e9942ae6a46e816afdc7aa7f2837e65c3051a4aa42cdee9
  languageName: node
  linkType: hard

"drizzle-orm@npm:^0.44.2":
  version: 0.44.2
  resolution: "drizzle-orm@npm:0.44.2"
  peerDependencies:
    "@aws-sdk/client-rds-data": ">=3"
    "@cloudflare/workers-types": ">=4"
    "@electric-sql/pglite": ">=0.2.0"
    "@libsql/client": ">=0.10.0"
    "@libsql/client-wasm": ">=0.10.0"
    "@neondatabase/serverless": ">=0.10.0"
    "@op-engineering/op-sqlite": ">=2"
    "@opentelemetry/api": ^1.4.1
    "@planetscale/database": ">=1.13"
    "@prisma/client": "*"
    "@tidbcloud/serverless": "*"
    "@types/better-sqlite3": "*"
    "@types/pg": "*"
    "@types/sql.js": "*"
    "@upstash/redis": ">=1.34.7"
    "@vercel/postgres": ">=0.8.0"
    "@xata.io/client": "*"
    better-sqlite3: ">=7"
    bun-types: "*"
    expo-sqlite: ">=14.0.0"
    gel: ">=2"
    knex: "*"
    kysely: "*"
    mysql2: ">=2"
    pg: ">=8"
    postgres: ">=3"
    sql.js: ">=1"
    sqlite3: ">=5"
  peerDependenciesMeta:
    "@aws-sdk/client-rds-data":
      optional: true
    "@cloudflare/workers-types":
      optional: true
    "@electric-sql/pglite":
      optional: true
    "@libsql/client":
      optional: true
    "@libsql/client-wasm":
      optional: true
    "@neondatabase/serverless":
      optional: true
    "@op-engineering/op-sqlite":
      optional: true
    "@opentelemetry/api":
      optional: true
    "@planetscale/database":
      optional: true
    "@prisma/client":
      optional: true
    "@tidbcloud/serverless":
      optional: true
    "@types/better-sqlite3":
      optional: true
    "@types/pg":
      optional: true
    "@types/sql.js":
      optional: true
    "@upstash/redis":
      optional: true
    "@vercel/postgres":
      optional: true
    "@xata.io/client":
      optional: true
    better-sqlite3:
      optional: true
    bun-types:
      optional: true
    expo-sqlite:
      optional: true
    gel:
      optional: true
    knex:
      optional: true
    kysely:
      optional: true
    mysql2:
      optional: true
    pg:
      optional: true
    postgres:
      optional: true
    prisma:
      optional: true
    sql.js:
      optional: true
    sqlite3:
      optional: true
  checksum: 10c0/29c88cb32fcd547b668184a7811a8be89f591ac9e53d5d1b8ab791dd5dd9eee991111d237a738545f5e475b83dbba8163c6b2a8231a59ec4e97e4f3356441bf5
  languageName: node
  linkType: hard

"drizzle@workspace:.":
  version: 0.0.0-use.local
  resolution: "drizzle@workspace:."
  dependencies:
    "@types/node": "npm:^24.0.3"
    drizzle-kit: "npm:^0.31.1"
    drizzle-orm: "npm:^0.44.2"
    postgres: "npm:^3.4.7"
  languageName: unknown
  linkType: soft

"esbuild-register@npm:^3.5.0":
  version: 3.6.0
  resolution: "esbuild-register@npm:3.6.0"
  dependencies:
    debug: "npm:^4.3.4"
  peerDependencies:
    esbuild: ">=0.12 <1"
  checksum: 10c0/77193b7ca32ba9f81b35ddf3d3d0138efb0b1429d71b39480cfee932e1189dd2e492bd32bf04a4d0bc3adfbc7ec7381ceb5ffd06efe35f3e70904f1f686566d5
  languageName: node
  linkType: hard

"esbuild@npm:^0.25.2":
  version: 0.25.5
  resolution: "esbuild@npm:0.25.5"
  dependencies:
    "@esbuild/aix-ppc64": "npm:0.25.5"
    "@esbuild/android-arm": "npm:0.25.5"
    "@esbuild/android-arm64": "npm:0.25.5"
    "@esbuild/android-x64": "npm:0.25.5"
    "@esbuild/darwin-arm64": "npm:0.25.5"
    "@esbuild/darwin-x64": "npm:0.25.5"
    "@esbuild/freebsd-arm64": "npm:0.25.5"
    "@esbuild/freebsd-x64": "npm:0.25.5"
    "@esbuild/linux-arm": "npm:0.25.5"
    "@esbuild/linux-arm64": "npm:0.25.5"
    "@esbuild/linux-ia32": "npm:0.25.5"
    "@esbuild/linux-loong64": "npm:0.25.5"
    "@esbuild/linux-mips64el": "npm:0.25.5"
    "@esbuild/linux-ppc64": "npm:0.25.5"
    "@esbuild/linux-riscv64": "npm:0.25.5"
    "@esbuild/linux-s390x": "npm:0.25.5"
    "@esbuild/linux-x64": "npm:0.25.5"
    "@esbuild/netbsd-arm64": "npm:0.25.5"
    "@esbuild/netbsd-x64": "npm:0.25.5"
    "@esbuild/openbsd-arm64": "npm:0.25.5"
    "@esbuild/openbsd-x64": "npm:0.25.5"
    "@esbuild/sunos-x64": "npm:0.25.5"
    "@esbuild/win32-arm64": "npm:0.25.5"
    "@esbuild/win32-ia32": "npm:0.25.5"
    "@esbuild/win32-x64": "npm:0.25.5"
  dependenciesMeta:
    "@esbuild/aix-ppc64":
      optional: true
    "@esbuild/android-arm":
      optional: true
    "@esbuild/android-arm64":
      optional: true
    "@esbuild/android-x64":
      optional: true
    "@esbuild/darwin-arm64":
      optional: true
    "@esbuild/darwin-x64":
      optional: true
    "@esbuild/freebsd-arm64":
      optional: true
    "@esbuild/freebsd-x64":
      optional: true
    "@esbuild/linux-arm":
      optional: true
    "@esbuild/linux-arm64":
      optional: true
    "@esbuild/linux-ia32":
      optional: true
    "@esbuild/linux-loong64":
      optional: true
    "@esbuild/linux-mips64el":
      optional: true
    "@esbuild/linux-ppc64":
      optional: true
    "@esbuild/linux-riscv64":
      optional: true
    "@esbuild/linux-s390x":
      optional: true
    "@esbuild/linux-x64":
      optional: true
    "@esbuild/netbsd-arm64":
      optional: true
    "@esbuild/netbsd-x64":
      optional: true
    "@esbuild/openbsd-arm64":
      optional: true
    "@esbuild/openbsd-x64":
      optional: true
    "@esbuild/sunos-x64":
      optional: true
    "@esbuild/win32-arm64":
      optional: true
    "@esbuild/win32-ia32":
      optional: true
    "@esbuild/win32-x64":
      optional: true
  bin:
    esbuild: bin/esbuild
  checksum: 10c0/aba8cbc11927fa77562722ed5e95541ce2853f67ad7bdc40382b558abc2e0ec57d92ffb820f082ba2047b4ef9f3bc3da068cdebe30dfd3850cfa3827a78d604e
  languageName: node
  linkType: hard

"esbuild@npm:~0.18.20":
  version: 0.18.20
  resolution: "esbuild@npm:0.18.20"
  dependencies:
    "@esbuild/android-arm": "npm:0.18.20"
    "@esbuild/android-arm64": "npm:0.18.20"
    "@esbuild/android-x64": "npm:0.18.20"
    "@esbuild/darwin-arm64": "npm:0.18.20"
    "@esbuild/darwin-x64": "npm:0.18.20"
    "@esbuild/freebsd-arm64": "npm:0.18.20"
    "@esbuild/freebsd-x64": "npm:0.18.20"
    "@esbuild/linux-arm": "npm:0.18.20"
    "@esbuild/linux-arm64": "npm:0.18.20"
    "@esbuild/linux-ia32": "npm:0.18.20"
    "@esbuild/linux-loong64": "npm:0.18.20"
    "@esbuild/linux-mips64el": "npm:0.18.20"
    "@esbuild/linux-ppc64": "npm:0.18.20"
    "@esbuild/linux-riscv64": "npm:0.18.20"
    "@esbuild/linux-s390x": "npm:0.18.20"
    "@esbuild/linux-x64": "npm:0.18.20"
    "@esbuild/netbsd-x64": "npm:0.18.20"
    "@esbuild/openbsd-x64": "npm:0.18.20"
    "@esbuild/sunos-x64": "npm:0.18.20"
    "@esbuild/win32-arm64": "npm:0.18.20"
    "@esbuild/win32-ia32": "npm:0.18.20"
    "@esbuild/win32-x64": "npm:0.18.20"
  dependenciesMeta:
    "@esbuild/android-arm":
      optional: true
    "@esbuild/android-arm64":
      optional: true
    "@esbuild/android-x64":
      optional: true
    "@esbuild/darwin-arm64":
      optional: true
    "@esbuild/darwin-x64":
      optional: true
    "@esbuild/freebsd-arm64":
      optional: true
    "@esbuild/freebsd-x64":
      optional: true
    "@esbuild/linux-arm":
      optional: true
    "@esbuild/linux-arm64":
      optional: true
    "@esbuild/linux-ia32":
      optional: true
    "@esbuild/linux-loong64":
      optional: true
    "@esbuild/linux-mips64el":
      optional: true
    "@esbuild/linux-ppc64":
      optional: true
    "@esbuild/linux-riscv64":
      optional: true
    "@esbuild/linux-s390x":
      optional: true
    "@esbuild/linux-x64":
      optional: true
    "@esbuild/netbsd-x64":
      optional: true
    "@esbuild/openbsd-x64":
      optional: true
    "@esbuild/sunos-x64":
      optional: true
    "@esbuild/win32-arm64":
      optional: true
    "@esbuild/win32-ia32":
      optional: true
    "@esbuild/win32-x64":
      optional: true
  bin:
    esbuild: bin/esbuild
  checksum: 10c0/473b1d92842f50a303cf948a11ebd5f69581cd254d599dd9d62f9989858e0533f64e83b723b5e1398a5b488c0f5fd088795b4235f65ecaf4f007d4b79f04bc88
  languageName: node
  linkType: hard

"get-tsconfig@npm:^4.7.0":
  version: 4.10.1
  resolution: "get-tsconfig@npm:4.10.1"
  dependencies:
    resolve-pkg-maps: "npm:^1.0.0"
  checksum: 10c0/7f8e3dabc6a49b747920a800fb88e1952fef871cdf51b79e98db48275a5de6cdaf499c55ee67df5fa6fe7ce65f0063e26de0f2e53049b408c585aa74d39ffa21
  languageName: node
  linkType: hard

"ms@npm:^2.1.3":
  version: 2.1.3
  resolution: "ms@npm:2.1.3"
  checksum: 10c0/d924b57e7312b3b63ad21fc5b3dc0af5e78d61a1fc7cfb5457edaf26326bf62be5307cc87ffb6862ef1c2b33b0233cdb5d4f01c4c958cc0d660948b65a287a48
  languageName: node
  linkType: hard

"postgres@npm:^3.4.7":
  version: 3.4.7
  resolution: "postgres@npm:3.4.7"
  checksum: 10c0/b2e61b1064d38e7e1df8291f6d5a7e11f892a3240e00cf2b5e5542bf9abbfe97f3963164aeb56b42c1ab6b8aae3454c57f5bbc1791df0769375542740a7cde72
  languageName: node
  linkType: hard

"resolve-pkg-maps@npm:^1.0.0":
  version: 1.0.0
  resolution: "resolve-pkg-maps@npm:1.0.0"
  checksum: 10c0/fb8f7bbe2ca281a73b7ef423a1cbc786fb244bd7a95cbe5c3fba25b27d327150beca8ba02f622baea65919a57e061eb5005204daa5f93ed590d9b77463a567ab
  languageName: node
  linkType: hard

"source-map-support@npm:^0.5.21":
  version: 0.5.21
  resolution: "source-map-support@npm:0.5.21"
  dependencies:
    buffer-from: "npm:^1.0.0"
    source-map: "npm:^0.6.0"
  checksum: 10c0/9ee09942f415e0f721d6daad3917ec1516af746a8120bba7bb56278707a37f1eb8642bde456e98454b8a885023af81a16e646869975f06afc1a711fb90484e7d
  languageName: node
  linkType: hard

"source-map@npm:^0.6.0":
  version: 0.6.1
  resolution: "source-map@npm:0.6.1"
  checksum: 10c0/ab55398007c5e5532957cb0beee2368529618ac0ab372d789806f5718123cc4367d57de3904b4e6a4170eb5a0b0f41373066d02ca0735a0c4d75c7d328d3e011
  languageName: node
  linkType: hard

"undici-types@npm:~7.8.0":
  version: 7.8.0
  resolution: "undici-types@npm:7.8.0"
  checksum: 10c0/9d9d246d1dc32f318d46116efe3cfca5a72d4f16828febc1918d94e58f6ffcf39c158aa28bf5b4fc52f410446bc7858f35151367bd7a49f21746cab6497b709b
  languageName: node
  linkType: hard
